
Microsoft Visual Studio Solution File, Format Version 12.00
# Visual Studio 15
Project("{FAE04EC0-301F-11D3-BF4B-00C04F79EFBC}") = "Assembly-CSharp", "Assembly-CSharp.csproj", "{21DA6F8C-AC95-D5F3-78CC-E6F052E94F9B}"
EndProject
Project("{FAE04EC0-301F-11D3-BF4B-00C04F79EFBC}") = "Assembly-CSharp-Editor", "Assembly-CSharp-Editor.csproj", "{1B2BBF2D-FB7C-9450-55DC-C2B88314271B}"
EndProject
Global
	GlobalSection(SolutionConfigurationPlatforms) = preSolution
		Debug|Any CPU = Debug|Any CPU
		Release|Any CPU = Release|Any CPU
	EndGlobalSection
	GlobalSection(ProjectConfigurationPlatforms) = postSolution
		{21DA6F8C-AC95-D5F3-78CC-E6F052E94F9B}.Debug|Any CPU.ActiveCfg = Debug|Any CPU
		{21DA6F8C-AC95-D5F3-78CC-E6F052E94F9B}.Debug|Any CPU.Build.0 = Debug|Any CPU
		{21DA6F8C-AC95-D5F3-78CC-E6F052E94F9B}.Release|Any CPU.ActiveCfg = Release|Any CPU
		{21DA6F8C-AC95-D5F3-78CC-E6F052E94F9B}.Release|Any CPU.Build.0 = Release|Any CPU
		{1B2BBF2D-FB7C-9450-55DC-C2B88314271B}.Debug|Any CPU.ActiveCfg = Debug|Any CPU
		{1B2BBF2D-FB7C-9450-55DC-C2B88314271B}.Debug|Any CPU.Build.0 = Debug|Any CPU
		{1B2BBF2D-FB7C-9450-55DC-C2B88314271B}.Release|Any CPU.ActiveCfg = Release|Any CPU
		{1B2BBF2D-FB7C-9450-55DC-C2B88314271B}.Release|Any CPU.Build.0 = Release|Any CPU
	EndGlobalSection
	GlobalSection(SolutionProperties) = preSolution
		HideSolutionNode = FALSE
	EndGlobalSection
EndGlobal
